// !$*UTF8*$!
{
	archiveVersion = 1;
	classes = {
	};
	objectVersion = 56;
	objects = {

/* Begin PBXBuildFile section */
		A42C327C2B3DB8F400C4B477 /* AppDelegate.swift in Sources */ = {isa = PBXBuildFile; fileRef = A42C327B2B3DB8F400C4B477 /* AppDelegate.swift */; };
		A42C327E2B3DB8F400C4B477 /* SceneDelegate.swift in Sources */ = {isa = PBXBuildFile; fileRef = A42C327D2B3DB8F400C4B477 /* SceneDelegate.swift */; };
		A42C32802B3DB8F400C4B477 /* ViewController.swift in Sources */ = {isa = PBXBuildFile; fileRef = A42C327F2B3DB8F400C4B477 /* ViewController.swift */; };
		A42C32852B3DB8F500C4B477 /* Assets.xcassets in Resources */ = {isa = PBXBuildFile; fileRef = A42C32842B3DB8F500C4B477 /* Assets.xcassets */; };
		A42C32882B3DB8F500C4B477 /* LaunchScreen.storyboard in Resources */ = {isa = PBXBuildFile; fileRef = A42C32862B3DB8F500C4B477 /* LaunchScreen.storyboard */; };
		A42C32912B3DBD6E00C4B477 /* Kingfisher in Frameworks */ = {isa = PBXBuildFile; productRef = A42C32902B3DBD6E00C4B477 /* Kingfisher */; };
		A42C32942B3DBD7C00C4B477 /* Alamofire in Frameworks */ = {isa = PBXBuildFile; productRef = A42C32932B3DBD7C00C4B477 /* Alamofire */; };
		A42C32972B3DBD8600C4B477 /* SnapKit in Frameworks */ = {isa = PBXBuildFile; productRef = A42C32962B3DBD8600C4B477 /* SnapKit */; };
		A42C329A2B3DBD9700C4B477 /* Lottie in Frameworks */ = {isa = PBXBuildFile; productRef = A42C32992B3DBD9700C4B477 /* Lottie */; };
		A42C329D2B3DC0D100C4B477 /* KakaoSDK in Frameworks */ = {isa = PBXBuildFile; productRef = A42C329C2B3DC0D100C4B477 /* KakaoSDK */; };
/* End PBXBuildFile section */

/* Begin PBXFileReference section */
		A42C32782B3DB8F400C4B477 /* Sopetit-iOS.app */ = {isa = PBXFileReference; explicitFileType = wrapper.application; includeInIndex = 0; path = "Sopetit-iOS.app"; sourceTree = BUILT_PRODUCTS_DIR; };
		A42C327B2B3DB8F400C4B477 /* AppDelegate.swift */ = {isa = PBXFileReference; lastKnownFileType = sourcecode.swift; path = AppDelegate.swift; sourceTree = "<group>"; };
		A42C327D2B3DB8F400C4B477 /* SceneDelegate.swift */ = {isa = PBXFileReference; lastKnownFileType = sourcecode.swift; path = SceneDelegate.swift; sourceTree = "<group>"; };
		A42C327F2B3DB8F400C4B477 /* ViewController.swift */ = {isa = PBXFileReference; lastKnownFileType = sourcecode.swift; path = ViewController.swift; sourceTree = "<group>"; };
		A42C32842B3DB8F500C4B477 /* Assets.xcassets */ = {isa = PBXFileReference; lastKnownFileType = folder.assetcatalog; path = Assets.xcassets; sourceTree = "<group>"; };
		A42C32872B3DB8F500C4B477 /* Base */ = {isa = PBXFileReference; lastKnownFileType = file.storyboard; name = Base; path = Base.lproj/LaunchScreen.storyboard; sourceTree = "<group>"; };
		A42C32892B3DB8F500C4B477 /* Info.plist */ = {isa = PBXFileReference; lastKnownFileType = text.plist.xml; path = Info.plist; sourceTree = "<group>"; };
/* End PBXFileReference section */

/* Begin PBXFrameworksBuildPhase section */
		A42C32752B3DB8F400C4B477 /* Frameworks */ = {
			isa = PBXFrameworksBuildPhase;
			buildActionMask = 2147483647;
			files = (
				A42C32972B3DBD8600C4B477 /* SnapKit in Frameworks */,
				A42C329D2B3DC0D100C4B477 /* KakaoSDK in Frameworks */,
				A42C32912B3DBD6E00C4B477 /* Kingfisher in Frameworks */,
				A42C32942B3DBD7C00C4B477 /* Alamofire in Frameworks */,
				A42C329A2B3DBD9700C4B477 /* Lottie in Frameworks */,
			);
			runOnlyForDeploymentPostprocessing = 0;
		};
/* End PBXFrameworksBuildPhase section */

/* Begin PBXGroup section */
		A42C326F2B3DB8F400C4B477 = {
			isa = PBXGroup;
			children = (
				A42C327A2B3DB8F400C4B477 /* Sopetit-iOS */,
				A42C32792B3DB8F400C4B477 /* Products */,
			);
			sourceTree = "<group>";
		};
		A42C32792B3DB8F400C4B477 /* Products */ = {
			isa = PBXGroup;
			children = (
				A42C32782B3DB8F400C4B477 /* Sopetit-iOS.app */,
			);
			name = Products;
			sourceTree = "<group>";
		};
		A42C327A2B3DB8F400C4B477 /* Sopetit-iOS */ = {
			isa = PBXGroup;
			children = (
				A42C327B2B3DB8F400C4B477 /* AppDelegate.swift */,
				A42C327D2B3DB8F400C4B477 /* SceneDelegate.swift */,
				A42C327F2B3DB8F400C4B477 /* ViewController.swift */,
				A42C32842B3DB8F500C4B477 /* Assets.xcassets */,
				A42C32862B3DB8F500C4B477 /* LaunchScreen.storyboard */,
				A42C32892B3DB8F500C4B477 /* Info.plist */,
			);
			path = "Sopetit-iOS";
			sourceTree = "<group>";
		};
/* End PBXGroup section */

/* Begin PBXNativeTarget section */
		A42C32772B3DB8F400C4B477 /* Sopetit-iOS */ = {
			isa = PBXNativeTarget;
			buildConfigurationList = A42C328C2B3DB8F500C4B477 /* Build configuration list for PBXNativeTarget "Sopetit-iOS" */;
			buildPhases = (
				A42C32742B3DB8F400C4B477 /* Sources */,
				A42C32752B3DB8F400C4B477 /* Frameworks */,
				A42C32762B3DB8F400C4B477 /* Resources */,
			);
			buildRules = (
			);
			dependencies = (
			);
			name = "Sopetit-iOS";
			packageProductDependencies = (
				A42C32902B3DBD6E00C4B477 /* Kingfisher */,
				A42C32932B3DBD7C00C4B477 /* Alamofire */,
				A42C32962B3DBD8600C4B477 /* SnapKit */,
				A42C32992B3DBD9700C4B477 /* Lottie */,
				A42C329C2B3DC0D100C4B477 /* KakaoSDK */,
			);
			productName = "Sopetit-iOS";
			productReference = A42C32782B3DB8F400C4B477 /* Sopetit-iOS.app */;
			productType = "com.apple.product-type.application";
		};
/* End PBXNativeTarget section */

/* Begin PBXProject section */
		A42C32702B3DB8F400C4B477 /* Project object */ = {
			isa = PBXProject;
			attributes = {
				BuildIndependentTargetsInParallel = 1;
				LastSwiftUpdateCheck = 1430;
				LastUpgradeCheck = 1430;
				TargetAttributes = {
					A42C32772B3DB8F400C4B477 = {
						CreatedOnToolsVersion = 14.3;
					};
				};
			};
			buildConfigurationList = A42C32732B3DB8F400C4B477 /* Build configuration list for PBXProject "Sopetit-iOS" */;
			compatibilityVersion = "Xcode 14.0";
			developmentRegion = en;
			hasScannedForEncodings = 0;
			knownRegions = (
				en,
				Base,
			);
			mainGroup = A42C326F2B3DB8F400C4B477;
			packageReferences = (
				A42C328F2B3DBD6E00C4B477 /* XCRemoteSwiftPackageReference "Kingfisher" */,
				A42C32922B3DBD7C00C4B477 /* XCRemoteSwiftPackageReference "Alamofire" */,
				A42C32952B3DBD8600C4B477 /* XCRemoteSwiftPackageReference "SnapKit" */,
				A42C32982B3DBD9700C4B477 /* XCRemoteSwiftPackageReference "lottie-ios" */,
				A42C329B2B3DC0D100C4B477 /* XCRemoteSwiftPackageReference "kakao-ios-sdk" */,
			);
			productRefGroup = A42C32792B3DB8F400C4B477 /* Products */;
			projectDirPath = "";
			projectRoot = "";
			targets = (
				A42C32772B3DB8F400C4B477 /* Sopetit-iOS */,
			);
		};
/* End PBXProject section */

/* Begin PBXResourcesBuildPhase section */
		A42C32762B3DB8F400C4B477 /* Resources */ = {
			isa = PBXResourcesBuildPhase;
			buildActionMask = 2147483647;
			files = (
				A42C32882B3DB8F500C4B477 /* LaunchScreen.storyboard in Resources */,
				A42C32852B3DB8F500C4B477 /* Assets.xcassets in Resources */,
			);
			runOnlyForDeploymentPostprocessing = 0;
		};
/* End PBXResourcesBuildPhase section */

/* Begin PBXSourcesBuildPhase section */
		A42C32742B3DB8F400C4B477 /* Sources */ = {
			isa = PBXSourcesBuildPhase;
			buildActionMask = 2147483647;
			files = (
				A42C32802B3DB8F400C4B477 /* ViewController.swift in Sources */,
				A42C327C2B3DB8F400C4B477 /* AppDelegate.swift in Sources */,
				A42C327E2B3DB8F400C4B477 /* SceneDelegate.swift in Sources */,
			);
			runOnlyForDeploymentPostprocessing = 0;
		};
/* End PBXSourcesBuildPhase section */

/* Begin PBXVariantGroup section */
		A42C32862B3DB8F500C4B477 /* LaunchScreen.storyboard */ = {
			isa = PBXVariantGroup;
			children = (
				A42C32872B3DB8F500C4B477 /* Base */,
			);
			name = LaunchScreen.storyboard;
			sourceTree = "<group>";
		};
/* End PBXVariantGroup section */

/* Begin XCBuildConfiguration section */
		A42C328A2B3DB8F500C4B477 /* Debug */ = {
			isa = XCBuildConfiguration;
			buildSettings = {
				ALWAYS_SEARCH_USER_PATHS = NO;
				CLANG_ANALYZER_NONNULL = YES;
				CLANG_ANALYZER_NUMBER_OBJECT_CONVERSION = YES_AGGRESSIVE;
				CLANG_CXX_LANGUAGE_STANDARD = "gnu++20";
				CLANG_ENABLE_MODULES = YES;
				CLANG_ENABLE_OBJC_ARC = YES;
				CLANG_ENABLE_OBJC_WEAK = YES;
				CLANG_WARN_BLOCK_CAPTURE_AUTORELEASING = YES;
				CLANG_WARN_BOOL_CONVERSION = YES;
				CLANG_WARN_COMMA = YES;
				CLANG_WARN_CONSTANT_CONVERSION = YES;
				CLANG_WARN_DEPRECATED_OBJC_IMPLEMENTATIONS = YES;
				CLANG_WARN_DIRECT_OBJC_ISA_USAGE = YES_ERROR;
				CLANG_WARN_DOCUMENTATION_COMMENTS = YES;
				CLANG_WARN_EMPTY_BODY = YES;
				CLANG_WARN_ENUM_CONVERSION = YES;
				CLANG_WARN_INFINITE_RECURSION = YES;
				CLANG_WARN_INT_CONVERSION = YES;
				CLANG_WARN_NON_LITERAL_NULL_CONVERSION = YES;
				CLANG_WARN_OBJC_IMPLICIT_RETAIN_SELF = YES;
				CLANG_WARN_OBJC_LITERAL_CONVERSION = YES;
				CLANG_WARN_OBJC_ROOT_CLASS = YES_ERROR;
				CLANG_WARN_QUOTED_INCLUDE_IN_FRAMEWORK_HEADER = YES;
				CLANG_WARN_RANGE_LOOP_ANALYSIS = YES;
				CLANG_WARN_STRICT_PROTOTYPES = YES;
				CLANG_WARN_SUSPICIOUS_MOVE = YES;
				CLANG_WARN_UNGUARDED_AVAILABILITY = YES_AGGRESSIVE;
				CLANG_WARN_UNREACHABLE_CODE = YES;
				CLANG_WARN__DUPLICATE_METHOD_MATCH = YES;
				COPY_PHASE_STRIP = NO;
				DEBUG_INFORMATION_FORMAT = dwarf;
				ENABLE_STRICT_OBJC_MSGSEND = YES;
				ENABLE_TESTABILITY = YES;
				GCC_C_LANGUAGE_STANDARD = gnu11;
				GCC_DYNAMIC_NO_PIC = NO;
				GCC_NO_COMMON_BLOCKS = YES;
				GCC_OPTIMIZATION_LEVEL = 0;
				GCC_PREPROCESSOR_DEFINITIONS = (
					"DEBUG=1",
					"$(inherited)",
				);
				GCC_WARN_64_TO_32_BIT_CONVERSION = YES;
				GCC_WARN_ABOUT_RETURN_TYPE = YES_ERROR;
				GCC_WARN_UNDECLARED_SELECTOR = YES;
				GCC_WARN_UNINITIALIZED_AUTOS = YES_AGGRESSIVE;
				GCC_WARN_UNUSED_FUNCTION = YES;
				GCC_WARN_UNUSED_VARIABLE = YES;
				IPHONEOS_DEPLOYMENT_TARGET = 16.4;
				MTL_ENABLE_DEBUG_INFO = INCLUDE_SOURCE;
				MTL_FAST_MATH = YES;
				ONLY_ACTIVE_ARCH = YES;
				SDKROOT = iphoneos;
				SWIFT_ACTIVE_COMPILATION_CONDITIONS = DEBUG;
				SWIFT_OPTIMIZATION_LEVEL = "-Onone";
			};
			name = Debug;
		};
		A42C328B2B3DB8F500C4B477 /* Release */ = {
			isa = XCBuildConfiguration;
			buildSettings = {
				ALWAYS_SEARCH_USER_PATHS = NO;
				CLANG_ANALYZER_NONNULL = YES;
				CLANG_ANALYZER_NUMBER_OBJECT_CONVERSION = YES_AGGRESSIVE;
				CLANG_CXX_LANGUAGE_STANDARD = "gnu++20";
				CLANG_ENABLE_MODULES = YES;
				CLANG_ENABLE_OBJC_ARC = YES;
				CLANG_ENABLE_OBJC_WEAK = YES;
				CLANG_WARN_BLOCK_CAPTURE_AUTORELEASING = YES;
				CLANG_WARN_BOOL_CONVERSION = YES;
				CLANG_WARN_COMMA = YES;
				CLANG_WARN_CONSTANT_CONVERSION = YES;
				CLANG_WARN_DEPRECATED_OBJC_IMPLEMENTATIONS = YES;
				CLANG_WARN_DIRECT_OBJC_ISA_USAGE = YES_ERROR;
				CLANG_WARN_DOCUMENTATION_COMMENTS = YES;
				CLANG_WARN_EMPTY_BODY = YES;
				CLANG_WARN_ENUM_CONVERSION = YES;
				CLANG_WARN_INFINITE_RECURSION = YES;
				CLANG_WARN_INT_CONVERSION = YES;
				CLANG_WARN_NON_LITERAL_NULL_CONVERSION = YES;
				CLANG_WARN_OBJC_IMPLICIT_RETAIN_SELF = YES;
				CLANG_WARN_OBJC_LITERAL_CONVERSION = YES;
				CLANG_WARN_OBJC_ROOT_CLASS = YES_ERROR;
				CLANG_WARN_QUOTED_INCLUDE_IN_FRAMEWORK_HEADER = YES;
				CLANG_WARN_RANGE_LOOP_ANALYSIS = YES;
				CLANG_WARN_STRICT_PROTOTYPES = YES;
				CLANG_WARN_SUSPICIOUS_MOVE = YES;
				CLANG_WARN_UNGUARDED_AVAILABILITY = YES_AGGRESSIVE;
				CLANG_WARN_UNREACHABLE_CODE = YES;
				CLANG_WARN__DUPLICATE_METHOD_MATCH = YES;
				COPY_PHASE_STRIP = NO;
				DEBUG_INFORMATION_FORMAT = "dwarf-with-dsym";
				ENABLE_NS_ASSERTIONS = NO;
				ENABLE_STRICT_OBJC_MSGSEND = YES;
				GCC_C_LANGUAGE_STANDARD = gnu11;
				GCC_NO_COMMON_BLOCKS = YES;
				GCC_WARN_64_TO_32_BIT_CONVERSION = YES;
				GCC_WARN_ABOUT_RETURN_TYPE = YES_ERROR;
				GCC_WARN_UNDECLARED_SELECTOR = YES;
				GCC_WARN_UNINITIALIZED_AUTOS = YES_AGGRESSIVE;
				GCC_WARN_UNUSED_FUNCTION = YES;
				GCC_WARN_UNUSED_VARIABLE = YES;
				IPHONEOS_DEPLOYMENT_TARGET = 16.4;
				MTL_ENABLE_DEBUG_INFO = NO;
				MTL_FAST_MATH = YES;
				SDKROOT = iphoneos;
				SWIFT_COMPILATION_MODE = wholemodule;
				SWIFT_OPTIMIZATION_LEVEL = "-O";
				VALIDATE_PRODUCT = YES;
			};
			name = Release;
		};
		A42C328D2B3DB8F500C4B477 /* Debug */ = {
			isa = XCBuildConfiguration;
			buildSettings = {
				ASSETCATALOG_COMPILER_APPICON_NAME = AppIcon;
				ASSETCATALOG_COMPILER_GLOBAL_ACCENT_COLOR_NAME = AccentColor;
				CODE_SIGN_STYLE = Automatic;
				CURRENT_PROJECT_VERSION = 1;
				DEVELOPMENT_TEAM = XGXWL95BMU;
				GENERATE_INFOPLIST_FILE = YES;
				INFOPLIST_FILE = "Sopetit-iOS/Info.plist";
				INFOPLIST_KEY_UIApplicationSupportsIndirectInputEvents = YES;
				INFOPLIST_KEY_UILaunchStoryboardName = LaunchScreen;
				INFOPLIST_KEY_UISupportedInterfaceOrientations_iPad = "UIInterfaceOrientationPortrait UIInterfaceOrientationPortraitUpsideDown UIInterfaceOrientationLandscapeLeft UIInterfaceOrientationLandscapeRight";
				INFOPLIST_KEY_UISupportedInterfaceOrientations_iPhone = "UIInterfaceOrientationPortrait UIInterfaceOrientationLandscapeLeft UIInterfaceOrientationLandscapeRight";
				LD_RUNPATH_SEARCH_PATHS = (
					"$(inherited)",
					"@executable_path/Frameworks",
				);
				MARKETING_VERSION = 1.0;
				PRODUCT_BUNDLE_IDENTIFIER = "ahra.Sopetit-iOS";
				PRODUCT_NAME = "$(TARGET_NAME)";
				SWIFT_EMIT_LOC_STRINGS = YES;
				SWIFT_VERSION = 5.0;
				TARGETED_DEVICE_FAMILY = "1,2";
			};
			name = Debug;
		};
		A42C328E2B3DB8F500C4B477 /* Release */ = {
			isa = XCBuildConfiguration;
			buildSettings = {
				ASSETCATALOG_COMPILER_APPICON_NAME = AppIcon;
				ASSETCATALOG_COMPILER_GLOBAL_ACCENT_COLOR_NAME = AccentColor;
				CODE_SIGN_STYLE = Automatic;
				CURRENT_PROJECT_VERSION = 1;
				DEVELOPMENT_TEAM = XGXWL95BMU;
				GENERATE_INFOPLIST_FILE = YES;
				INFOPLIST_FILE = "Sopetit-iOS/Info.plist";
				INFOPLIST_KEY_UIApplicationSupportsIndirectInputEvents = YES;
				INFOPLIST_KEY_UILaunchStoryboardName = LaunchScreen;
				INFOPLIST_KEY_UISupportedInterfaceOrientations_iPad = "UIInterfaceOrientationPortrait UIInterfaceOrientationPortraitUpsideDown UIInterfaceOrientationLandscapeLeft UIInterfaceOrientationLandscapeRight";
				INFOPLIST_KEY_UISupportedInterfaceOrientations_iPhone = "UIInterfaceOrientationPortrait UIInterfaceOrientationLandscapeLeft UIInterfaceOrientationLandscapeRight";
				LD_RUNPATH_SEARCH_PATHS = (
					"$(inherited)",
					"@executable_path/Frameworks",
				);
				MARKETING_VERSION = 1.0;
				PRODUCT_BUNDLE_IDENTIFIER = "ahra.Sopetit-iOS";
				PRODUCT_NAME = "$(TARGET_NAME)";
				SWIFT_EMIT_LOC_STRINGS = YES;
				SWIFT_VERSION = 5.0;
				TARGETED_DEVICE_FAMILY = "1,2";
			};
			name = Release;
		};
/* End XCBuildConfiguration section */

/* Begin XCConfigurationList section */
		A42C32732B3DB8F400C4B477 /* Build configuration list for PBXProject "Sopetit-iOS" */ = {
			isa = XCConfigurationList;
			buildConfigurations = (
				A42C328A2B3DB8F500C4B477 /* Debug */,
				A42C328B2B3DB8F500C4B477 /* Release */,
			);
			defaultConfigurationIsVisible = 0;
			defaultConfigurationName = Release;
		};
		A42C328C2B3DB8F500C4B477 /* Build configuration list for PBXNativeTarget "Sopetit-iOS" */ = {
			isa = XCConfigurationList;
			buildConfigurations = (
				A42C328D2B3DB8F500C4B477 /* Debug */,
				A42C328E2B3DB8F500C4B477 /* Release */,
			);
			defaultConfigurationIsVisible = 0;
			defaultConfigurationName = Release;
		};
/* End XCConfigurationList section */

/* Begin XCRemoteSwiftPackageReference section */
		A42C328F2B3DBD6E00C4B477 /* XCRemoteSwiftPackageReference "Kingfisher" */ = {
			isa = XCRemoteSwiftPackageReference;
			repositoryURL = "https://github.com/onevcat/Kingfisher";
			requirement = {
				kind = upToNextMajorVersion;
				minimumVersion = 7.0.0;
			};
		};
		A42C32922B3DBD7C00C4B477 /* XCRemoteSwiftPackageReference "Alamofire" */ = {
			isa = XCRemoteSwiftPackageReference;
			repositoryURL = "https://github.com/Alamofire/Alamofire.git";
			requirement = {
				kind = upToNextMajorVersion;
				minimumVersion = 5.0.0;
			};
		};
		A42C32952B3DBD8600C4B477 /* XCRemoteSwiftPackageReference "SnapKit" */ = {
			isa = XCRemoteSwiftPackageReference;
			repositoryURL = "https://github.com/SnapKit/SnapKit.git";
			requirement = {
				kind = upToNextMajorVersion;
				minimumVersion = 5.0.0;
			};
		};
		A42C32982B3DBD9700C4B477 /* XCRemoteSwiftPackageReference "lottie-ios" */ = {
			isa = XCRemoteSwiftPackageReference;
			repositoryURL = "https://github.com/airbnb/lottie-ios.git";
			requirement = {
				kind = upToNextMajorVersion;
				minimumVersion = 4.0.0;
			};
		};
		A42C329B2B3DC0D100C4B477 /* XCRemoteSwiftPackageReference "kakao-ios-sdk" */ = {
			isa = XCRemoteSwiftPackageReference;
			repositoryURL = "https://github.com/kakao/kakao-ios-sdk";
			requirement = {
				kind = upToNextMajorVersion;
				minimumVersion = 2.0.0;
			};
		};
/* End XCRemoteSwiftPackageReference section */

/* Begin XCSwiftPackageProductDependency section */
		A42C32902B3DBD6E00C4B477 /* Kingfisher */ = {
			isa = XCSwiftPackageProductDependency;
			package = A42C328F2B3DBD6E00C4B477 /* XCRemoteSwiftPackageReference "Kingfisher" */;
			productName = Kingfisher;
		};
		A42C32932B3DBD7C00C4B477 /* Alamofire */ = {
			isa = XCSwiftPackageProductDependency;
			package = A42C32922B3DBD7C00C4B477 /* XCRemoteSwiftPackageReference "Alamofire" */;
			productName = Alamofire;
		};
		A42C32962B3DBD8600C4B477 /* SnapKit */ = {
			isa = XCSwiftPackageProductDependency;
			package = A42C32952B3DBD8600C4B477 /* XCRemoteSwiftPackageReference "SnapKit" */;
			productName = SnapKit;
		};
		A42C32992B3DBD9700C4B477 /* Lottie */ = {
			isa = XCSwiftPackageProductDependency;
			package = A42C32982B3DBD9700C4B477 /* XCRemoteSwiftPackageReference "lottie-ios" */;
			productName = Lottie;
		};
		A42C329C2B3DC0D100C4B477 /* KakaoSDK */ = {
			isa = XCSwiftPackageProductDependency;
			package = A42C329B2B3DC0D100C4B477 /* XCRemoteSwiftPackageReference "kakao-ios-sdk" */;
			productName = KakaoSDK;
		};
/* End XCSwiftPackageProductDependency section */
	};
	rootObject = A42C32702B3DB8F400C4B477 /* Project object */;
}
